
Microsoft Visual Studio Solution File, Format Version 12.00
# Visual Studio Version 17
VisualStudioVersion = 17.12.35514.174
MinimumVisualStudioVersion = 10.0.40219.1
Project("{FAE04EC0-301F-11D3-BF4B-00C04F79EFBC}") = "Data", "Data\Data.csproj", "{0BA6A0E9-22FA-4AD3-8EF5-DD758CAC70C0}"
EndProject
Project("{FAE04EC0-301F-11D3-BF4B-00C04F79EFBC}") = "Business", "Business\Business.csproj", "{7E423501-640D-42BF-8396-4EBC98E53EB8}"
EndProject
Project("{FAE04EC0-301F-11D3-BF4B-00C04F79EFBC}") = "Assignment_API", "Assignment_API\Assignment_API.csproj", "{C31DA8B6-A603-444E-AE86-6C5FC5A45151}"
EndProject
Global
	GlobalSection(SolutionConfigurationPlatforms) = preSolution
		Debug|Any CPU = Debug|Any CPU
		Release|Any CPU = Release|Any CPU
	EndGlobalSection
	GlobalSection(ProjectConfigurationPlatforms) = postSolution
		{0BA6A0E9-22FA-4AD3-8EF5-DD758CAC70C0}.Debug|Any CPU.ActiveCfg = Debug|Any CPU
		{0BA6A0E9-22FA-4AD3-8EF5-DD758CAC70C0}.Debug|Any CPU.Build.0 = Debug|Any CPU
		{0BA6A0E9-22FA-4AD3-8EF5-DD758CAC70C0}.Release|Any CPU.ActiveCfg = Release|Any CPU
		{0BA6A0E9-22FA-4AD3-8EF5-DD758CAC70C0}.Release|Any CPU.Build.0 = Release|Any CPU
		{7E423501-640D-42BF-8396-4EBC98E53EB8}.Debug|Any CPU.ActiveCfg = Debug|Any CPU
		{7E423501-640D-42BF-8396-4EBC98E53EB8}.Debug|Any CPU.Build.0 = Debug|Any CPU
		{7E423501-640D-42BF-8396-4EBC98E53EB8}.Release|Any CPU.ActiveCfg = Release|Any CPU
		{7E423501-640D-42BF-8396-4EBC98E53EB8}.Release|Any CPU.Build.0 = Release|Any CPU
		{C31DA8B6-A603-444E-AE86-6C5FC5A45151}.Debug|Any CPU.ActiveCfg = Debug|Any CPU
		{C31DA8B6-A603-444E-AE86-6C5FC5A45151}.Debug|Any CPU.Build.0 = Debug|Any CPU
		{C31DA8B6-A603-444E-AE86-6C5FC5A45151}.Release|Any CPU.ActiveCfg = Release|Any CPU
		{C31DA8B6-A603-444E-AE86-6C5FC5A45151}.Release|Any CPU.Build.0 = Release|Any CPU
	EndGlobalSection
	GlobalSection(SolutionProperties) = preSolution
		HideSolutionNode = FALSE
	EndGlobalSection
EndGlobal
